
Microsoft Visual Studio Solution File, Format Version 12.00
# Visual Studio Version 16
VisualStudioVersion = 16.0.30114.105
MinimumVisualStudioVersion = 10.0.40219.1
Project("{FAE04EC0-301F-11D3-BF4B-00C04F79EFBC}") = "Chernyak_8", "Chernyak_8\Chernyak_8.csproj", "{41BC3998-6437-4777-A1D3-C6A09E1C4F41}"
EndProject
Global
	GlobalSection(SolutionConfigurationPlatforms) = preSolution
		Debug|Any CPU = Debug|Any CPU
		Release|Any CPU = Release|Any CPU
	EndGlobalSection
	GlobalSection(ProjectConfigurationPlatforms) = postSolution
		{41BC3998-6437-4777-A1D3-C6A09E1C4F41}.Debug|Any CPU.ActiveCfg = Debug|Any CPU
		{41BC3998-6437-4777-A1D3-C6A09E1C4F41}.Debug|Any CPU.Build.0 = Debug|Any CPU
		{41BC3998-6437-4777-A1D3-C6A09E1C4F41}.Release|Any CPU.ActiveCfg = Release|Any CPU
		{41BC3998-6437-4777-A1D3-C6A09E1C4F41}.Release|Any CPU.Build.0 = Release|Any CPU
	EndGlobalSection
	GlobalSection(SolutionProperties) = preSolution
		HideSolutionNode = FALSE
	EndGlobalSection
	GlobalSection(ExtensibilityGlobals) = postSolution
		SolutionGuid = {923314CB-0218-46F4-8571-FC6CA6E80120}
	EndGlobalSection
EndGlobal
